<?xml version="1.0" encoding="utf-8"?>
<Project ToolsVersion="17.0" xmlns="http://schemas.microsoft.com/developer/msbuild/2003">
  <ItemGroup>
    <ClCompile Include="C:\Users\notre\LudicoMovie\LudicoMovie\backend\libs\whisper.cpp\ggml\src\ggml-backend-reg.cpp">
      <Filter>Source Files</Filter>
    </ClCompile>
  </ItemGroup>
  <ItemGroup>
    <CustomBuild Include="C:\Users\notre\LudicoMovie\LudicoMovie\backend\libs\whisper.cpp\ggml\src\CMakeLists.txt" />
  </ItemGroup>
  <ItemGroup>
    <Filter Include="Source Files">
      <UniqueIdentifier>{FA483F90-79B2-3931-A4B0-A27F0E4EF62D}</UniqueIdentifier>
    </Filter>
  </ItemGroup>
</Project>
