
Microsoft Visual Studio Solution File, Format Version 12.00
# Visual Studio Version 17
Project("{8BC9CEB8-8B4A-11D0-8D11-00A0C91BC942}") = "ALL_BUILD", "ALL_BUILD.vcxproj", "{8137CBA9-C31D-3568-B455-D003B3F9C6BE}"
	ProjectSection(ProjectDependencies) = postProject
		{DC1D43D8-8FAB-3A2D-8257-8622AEFD594C} = {DC1D43D8-8FAB-3A2D-8257-8622AEFD594C}
		{C5ED084C-FAC4-3231-B55E-54CD7084B7F5} = {C5ED084C-FAC4-3231-B55E-54CD7084B7F5}
		{7FCF8DD0-A441-3D2A-9463-6375D9337A5D} = {7FCF8DD0-A441-3D2A-9463-6375D9337A5D}
		{4E6EFE9C-3EAE-36C2-BC08-EB7514A29BFD} = {4E6EFE9C-3EAE-36C2-BC08-EB7514A29BFD}
	EndProjectSection
EndProject
Project("{8BC9CEB8-8B4A-11D0-8D11-00A0C91BC942}") = "INSTALL", "INSTALL.vcxproj", "{46A0C821-65E1-3824-A4C5-F190D7C03E9A}"
	ProjectSection(ProjectDependencies) = postProject
		{8137CBA9-C31D-3568-B455-D003B3F9C6BE} = {8137CBA9-C31D-3568-B455-D003B3F9C6BE}
		{DC1D43D8-8FAB-3A2D-8257-8622AEFD594C} = {DC1D43D8-8FAB-3A2D-8257-8622AEFD594C}
	EndProjectSection
EndProject
Project("{8BC9CEB8-8B4A-11D0-8D11-00A0C91BC942}") = "ZERO_CHECK", "..\..\..\..\\ZERO_CHECK.vcxproj", "{DC1D43D8-8FAB-3A2D-8257-8622AEFD594C}"
	ProjectSection(ProjectDependencies) = postProject
	EndProjectSection
EndProject
Project("{8BC9CEB8-8B4A-11D0-8D11-00A0C91BC942}") = "ggml", "src\ggml.vcxproj", "{C5ED084C-FAC4-3231-B55E-54CD7084B7F5}"
	ProjectSection(ProjectDependencies) = postProject
		{DC1D43D8-8FAB-3A2D-8257-8622AEFD594C} = {DC1D43D8-8FAB-3A2D-8257-8622AEFD594C}
		{7FCF8DD0-A441-3D2A-9463-6375D9337A5D} = {7FCF8DD0-A441-3D2A-9463-6375D9337A5D}
		{4E6EFE9C-3EAE-36C2-BC08-EB7514A29BFD} = {4E6EFE9C-3EAE-36C2-BC08-EB7514A29BFD}
	EndProjectSection
EndProject
Project("{8BC9CEB8-8B4A-11D0-8D11-00A0C91BC942}") = "ggml-base", "src\ggml-base.vcxproj", "{7FCF8DD0-A441-3D2A-9463-6375D9337A5D}"
	ProjectSection(ProjectDependencies) = postProject
		{DC1D43D8-8FAB-3A2D-8257-8622AEFD594C} = {DC1D43D8-8FAB-3A2D-8257-8622AEFD594C}
	EndProjectSection
EndProject
Project("{8BC9CEB8-8B4A-11D0-8D11-00A0C91BC942}") = "ggml-cpu", "src\ggml-cpu.vcxproj", "{4E6EFE9C-3EAE-36C2-BC08-EB7514A29BFD}"
	ProjectSection(ProjectDependencies) = postProject
		{DC1D43D8-8FAB-3A2D-8257-8622AEFD594C} = {DC1D43D8-8FAB-3A2D-8257-8622AEFD594C}
		{7FCF8DD0-A441-3D2A-9463-6375D9337A5D} = {7FCF8DD0-A441-3D2A-9463-6375D9337A5D}
	EndProjectSection
EndProject
Global
	GlobalSection(SolutionConfigurationPlatforms) = preSolution
		Debug|x64 = Debug|x64
		Release|x64 = Release|x64
		MinSizeRel|x64 = MinSizeRel|x64
		RelWithDebInfo|x64 = RelWithDebInfo|x64
	EndGlobalSection
	GlobalSection(ProjectConfigurationPlatforms) = postSolution
		{8137CBA9-C31D-3568-B455-D003B3F9C6BE}.Debug|x64.ActiveCfg = Debug|x64
		{8137CBA9-C31D-3568-B455-D003B3F9C6BE}.Debug|x64.Build.0 = Debug|x64
		{8137CBA9-C31D-3568-B455-D003B3F9C6BE}.Release|x64.ActiveCfg = Release|x64
		{8137CBA9-C31D-3568-B455-D003B3F9C6BE}.Release|x64.Build.0 = Release|x64
		{8137CBA9-C31D-3568-B455-D003B3F9C6BE}.MinSizeRel|x64.ActiveCfg = MinSizeRel|x64
		{8137CBA9-C31D-3568-B455-D003B3F9C6BE}.MinSizeRel|x64.Build.0 = MinSizeRel|x64
		{8137CBA9-C31D-3568-B455-D003B3F9C6BE}.RelWithDebInfo|x64.ActiveCfg = RelWithDebInfo|x64
		{8137CBA9-C31D-3568-B455-D003B3F9C6BE}.RelWithDebInfo|x64.Build.0 = RelWithDebInfo|x64
		{46A0C821-65E1-3824-A4C5-F190D7C03E9A}.Debug|x64.ActiveCfg = Debug|x64
		{46A0C821-65E1-3824-A4C5-F190D7C03E9A}.Release|x64.ActiveCfg = Release|x64
		{46A0C821-65E1-3824-A4C5-F190D7C03E9A}.MinSizeRel|x64.ActiveCfg = MinSizeRel|x64
		{46A0C821-65E1-3824-A4C5-F190D7C03E9A}.RelWithDebInfo|x64.ActiveCfg = RelWithDebInfo|x64
		{DC1D43D8-8FAB-3A2D-8257-8622AEFD594C}.Debug|x64.ActiveCfg = Debug|x64
		{DC1D43D8-8FAB-3A2D-8257-8622AEFD594C}.Debug|x64.Build.0 = Debug|x64
		{DC1D43D8-8FAB-3A2D-8257-8622AEFD594C}.Release|x64.ActiveCfg = Release|x64
		{DC1D43D8-8FAB-3A2D-8257-8622AEFD594C}.Release|x64.Build.0 = Release|x64
		{DC1D43D8-8FAB-3A2D-8257-8622AEFD594C}.MinSizeRel|x64.ActiveCfg = MinSizeRel|x64
		{DC1D43D8-8FAB-3A2D-8257-8622AEFD594C}.MinSizeRel|x64.Build.0 = MinSizeRel|x64
		{DC1D43D8-8FAB-3A2D-8257-8622AEFD594C}.RelWithDebInfo|x64.ActiveCfg = RelWithDebInfo|x64
		{DC1D43D8-8FAB-3A2D-8257-8622AEFD594C}.RelWithDebInfo|x64.Build.0 = RelWithDebInfo|x64
		{C5ED084C-FAC4-3231-B55E-54CD7084B7F5}.Debug|x64.ActiveCfg = Debug|x64
		{C5ED084C-FAC4-3231-B55E-54CD7084B7F5}.Debug|x64.Build.0 = Debug|x64
		{C5ED084C-FAC4-3231-B55E-54CD7084B7F5}.Release|x64.ActiveCfg = Release|x64
		{C5ED084C-FAC4-3231-B55E-54CD7084B7F5}.Release|x64.Build.0 = Release|x64
		{C5ED084C-FAC4-3231-B55E-54CD7084B7F5}.MinSizeRel|x64.ActiveCfg = MinSizeRel|x64
		{C5ED084C-FAC4-3231-B55E-54CD7084B7F5}.MinSizeRel|x64.Build.0 = MinSizeRel|x64
		{C5ED084C-FAC4-3231-B55E-54CD7084B7F5}.RelWithDebInfo|x64.ActiveCfg = RelWithDebInfo|x64
		{C5ED084C-FAC4-3231-B55E-54CD7084B7F5}.RelWithDebInfo|x64.Build.0 = RelWithDebInfo|x64
		{7FCF8DD0-A441-3D2A-9463-6375D9337A5D}.Debug|x64.ActiveCfg = Debug|x64
		{7FCF8DD0-A441-3D2A-9463-6375D9337A5D}.Debug|x64.Build.0 = Debug|x64
		{7FCF8DD0-A441-3D2A-9463-6375D9337A5D}.Release|x64.ActiveCfg = Release|x64
		{7FCF8DD0-A441-3D2A-9463-6375D9337A5D}.Release|x64.Build.0 = Release|x64
		{7FCF8DD0-A441-3D2A-9463-6375D9337A5D}.MinSizeRel|x64.ActiveCfg = MinSizeRel|x64
		{7FCF8DD0-A441-3D2A-9463-6375D9337A5D}.MinSizeRel|x64.Build.0 = MinSizeRel|x64
		{7FCF8DD0-A441-3D2A-9463-6375D9337A5D}.RelWithDebInfo|x64.ActiveCfg = RelWithDebInfo|x64
		{7FCF8DD0-A441-3D2A-9463-6375D9337A5D}.RelWithDebInfo|x64.Build.0 = RelWithDebInfo|x64
		{4E6EFE9C-3EAE-36C2-BC08-EB7514A29BFD}.Debug|x64.ActiveCfg = Debug|x64
		{4E6EFE9C-3EAE-36C2-BC08-EB7514A29BFD}.Debug|x64.Build.0 = Debug|x64
		{4E6EFE9C-3EAE-36C2-BC08-EB7514A29BFD}.Release|x64.ActiveCfg = Release|x64
		{4E6EFE9C-3EAE-36C2-BC08-EB7514A29BFD}.Release|x64.Build.0 = Release|x64
		{4E6EFE9C-3EAE-36C2-BC08-EB7514A29BFD}.MinSizeRel|x64.ActiveCfg = MinSizeRel|x64
		{4E6EFE9C-3EAE-36C2-BC08-EB7514A29BFD}.MinSizeRel|x64.Build.0 = MinSizeRel|x64
		{4E6EFE9C-3EAE-36C2-BC08-EB7514A29BFD}.RelWithDebInfo|x64.ActiveCfg = RelWithDebInfo|x64
		{4E6EFE9C-3EAE-36C2-BC08-EB7514A29BFD}.RelWithDebInfo|x64.Build.0 = RelWithDebInfo|x64
	EndGlobalSection
	GlobalSection(ExtensibilityGlobals) = postSolution
		SolutionGuid = {B4F0553C-7EB8-3A75-9655-FF23BA8A408E}
	EndGlobalSection
	GlobalSection(ExtensibilityAddIns) = postSolution
	EndGlobalSection
EndGlobal
